// !$*UTF8*$!
{
	archiveVersion = 1;
	classes = {
	};
	objectVersion = 77;
	objects = {

/* Begin PBXContainerItemProxy section */
		7C2E37CD2DBBAA2F00BD6B95 /* PBXContainerItemProxy */ = {
			isa = PBXContainerItemProxy;
			containerPortal = 7C2E37AE2DBBAA2D00BD6B95 /* Project object */;
			proxyType = 1;
			remoteGlobalIDString = 7C2E37B52DBBAA2D00BD6B95;
			remoteInfo = Bridging;
		};
		7C2E37D72DBBAA2F00BD6B95 /* PBXContainerItemProxy */ = {
			isa = PBXContainerItemProxy;
			containerPortal = 7C2E37AE2DBBAA2D00BD6B95 /* Project object */;
			proxyType = 1;
			remoteGlobalIDString = 7C2E37B52DBBAA2D00BD6B95;
			remoteInfo = Bridging;
		};
/* End PBXContainerItemProxy section */

/* Begin PBXFileReference section */
		7C2E37B62DBBAA2D00BD6B95 /* Bridging.app */ = {isa = PBXFileReference; explicitFileType = wrapper.application; includeInIndex = 0; path = Bridging.app; sourceTree = BUILT_PRODUCTS_DIR; };
		7C2E37CC2DBBAA2F00BD6B95 /* BridgingTests.xctest */ = {isa = PBXFileReference; explicitFileType = wrapper.cfbundle; includeInIndex = 0; path = BridgingTests.xctest; sourceTree = BUILT_PRODUCTS_DIR; };
		7C2E37D62DBBAA2F00BD6B95 /* BridgingUITests.xctest */ = {isa = PBXFileReference; explicitFileType = wrapper.cfbundle; includeInIndex = 0; path = BridgingUITests.xctest; sourceTree = BUILT_PRODUCTS_DIR; };
/* End PBXFileReference section */

/* Begin PBXFileSystemSynchronizedBuildFileExceptionSet section */
		7C2E37DE2DBBAA2F00BD6B95 /* Exceptions for "Bridging" folder in "Bridging" target */ = {
			isa = PBXFileSystemSynchronizedBuildFileExceptionSet;
			membershipExceptions = (
				Info.plist,
			);
			target = 7C2E37B52DBBAA2D00BD6B95 /* Bridging */;
		};
/* End PBXFileSystemSynchronizedBuildFileExceptionSet section */

/* Begin PBXFileSystemSynchronizedRootGroup section */
		7C2E37B82DBBAA2D00BD6B95 /* Bridging */ = {
			isa = PBXFileSystemSynchronizedRootGroup;
			exceptions = (
				7C2E37DE2DBBAA2F00BD6B95 /* Exceptions for "Bridging" folder in "Bridging" target */,
			);
			path = Bridging;
			sourceTree = "<group>";
		};
		7C2E37CF2DBBAA2F00BD6B95 /* BridgingTests */ = {
			isa = PBXFileSystemSynchronizedRootGroup;
			path = BridgingTests;
			sourceTree = "<group>";
		};
		7C2E37D92DBBAA2F00BD6B95 /* BridgingUITests */ = {
			isa = PBXFileSystemSynchronizedRootGroup;
			path = BridgingUITests;
			sourceTree = "<group>";
		};
/* End PBXFileSystemSynchronizedRootGroup section */

/* Begin PBXFrameworksBuildPhase section */
		7C2E37B32DBBAA2D00BD6B95 /* Frameworks */ = {
			isa = PBXFrameworksBuildPhase;
			buildActionMask = 2147483647;
			files = (
			);
			runOnlyForDeploymentPostprocessing = 0;
		};
		7C2E37C92DBBAA2F00BD6B95 /* Frameworks */ = {
			isa = PBXFrameworksBuildPhase;
			buildActionMask = 2147483647;
			files = (
			);
			runOnlyForDeploymentPostprocessing = 0;
		};
		7C2E37D32DBBAA2F00BD6B95 /* Frameworks */ = {
			isa = PBXFrameworksBuildPhase;
			buildActionMask = 2147483647;
			files = (
			);
			runOnlyForDeploymentPostprocessing = 0;
		};
/* End PBXFrameworksBuildPhase section */

/* Begin PBXGroup section */
		7C2E37AD2DBBAA2D00BD6B95 = {
			isa = PBXGroup;
			children = (
				7C2E37B82DBBAA2D00BD6B95 /* Bridging */,
				7C2E37CF2DBBAA2F00BD6B95 /* BridgingTests */,
				7C2E37D92DBBAA2F00BD6B95 /* BridgingUITests */,
				7C2E37B72DBBAA2D00BD6B95 /* Products */,
			);
			sourceTree = "<group>";
		};
		7C2E37B72DBBAA2D00BD6B95 /* Products */ = {
			isa = PBXGroup;
			children = (
				7C2E37B62DBBAA2D00BD6B95 /* Bridging.app */,
				7C2E37CC2DBBAA2F00BD6B95 /* BridgingTests.xctest */,
				7C2E37D62DBBAA2F00BD6B95 /* BridgingUITests.xctest */,
			);
			name = Products;
			sourceTree = "<group>";
		};
/* End PBXGroup section */

/* Begin PBXNativeTarget section */
		7C2E37B52DBBAA2D00BD6B95 /* Bridging */ = {
			isa = PBXNativeTarget;
			buildConfigurationList = 7C2E37DF2DBBAA2F00BD6B95 /* Build configuration list for PBXNativeTarget "Bridging" */;
			buildPhases = (
				7C2E37B22DBBAA2D00BD6B95 /* Sources */,
				7C2E37B32DBBAA2D00BD6B95 /* Frameworks */,
				7C2E37B42DBBAA2D00BD6B95 /* Resources */,
			);
			buildRules = (
			);
			dependencies = (
			);
			fileSystemSynchronizedGroups = (
				7C2E37B82DBBAA2D00BD6B95 /* Bridging */,
			);
			name = Bridging;
			packageProductDependencies = (
			);
			productName = Bridging;
			productReference = 7C2E37B62DBBAA2D00BD6B95 /* Bridging.app */;
			productType = "com.apple.product-type.application";
		};
		7C2E37CB2DBBAA2F00BD6B95 /* BridgingTests */ = {
			isa = PBXNativeTarget;
			buildConfigurationList = 7C2E37E42DBBAA2F00BD6B95 /* Build configuration list for PBXNativeTarget "BridgingTests" */;
			buildPhases = (
				7C2E37C82DBBAA2F00BD6B95 /* Sources */,
				7C2E37C92DBBAA2F00BD6B95 /* Frameworks */,
				7C2E37CA2DBBAA2F00BD6B95 /* Resources */,
			);
			buildRules = (
			);
			dependencies = (
				7C2E37CE2DBBAA2F00BD6B95 /* PBXTargetDependency */,
			);
			fileSystemSynchronizedGroups = (
				7C2E37CF2DBBAA2F00BD6B95 /* BridgingTests */,
			);
			name = BridgingTests;
			packageProductDependencies = (
			);
			productName = BridgingTests;
			productReference = 7C2E37CC2DBBAA2F00BD6B95 /* BridgingTests.xctest */;
			productType = "com.apple.product-type.bundle.unit-test";
		};
		7C2E37D52DBBAA2F00BD6B95 /* BridgingUITests */ = {
			isa = PBXNativeTarget;
			buildConfigurationList = 7C2E37E72DBBAA2F00BD6B95 /* Build configuration list for PBXNativeTarget "BridgingUITests" */;
			buildPhases = (
				7C2E37D22DBBAA2F00BD6B95 /* Sources */,
				7C2E37D32DBBAA2F00BD6B95 /* Frameworks */,
				7C2E37D42DBBAA2F00BD6B95 /* Resources */,
			);
			buildRules = (
			);
			dependencies = (
				7C2E37D82DBBAA2F00BD6B95 /* PBXTargetDependency */,
			);
			fileSystemSynchronizedGroups = (
				7C2E37D92DBBAA2F00BD6B95 /* BridgingUITests */,
			);
			name = BridgingUITests;
			packageProductDependencies = (
			);
			productName = BridgingUITests;
			productReference = 7C2E37D62DBBAA2F00BD6B95 /* BridgingUITests.xctest */;
			productType = "com.apple.product-type.bundle.ui-testing";
		};
/* End PBXNativeTarget section */

/* Begin PBXProject section */
		7C2E37AE2DBBAA2D00BD6B95 /* Project object */ = {
			isa = PBXProject;
			attributes = {
				BuildIndependentTargetsInParallel = 1;
				LastSwiftUpdateCheck = 1630;
				LastUpgradeCheck = 1630;
				TargetAttributes = {
					7C2E37B52DBBAA2D00BD6B95 = {
						CreatedOnToolsVersion = 16.3;
					};
					7C2E37CB2DBBAA2F00BD6B95 = {
						CreatedOnToolsVersion = 16.3;
						TestTargetID = 7C2E37B52DBBAA2D00BD6B95;
					};
					7C2E37D52DBBAA2F00BD6B95 = {
						CreatedOnToolsVersion = 16.3;
						TestTargetID = 7C2E37B52DBBAA2D00BD6B95;
					};
				};
			};
			buildConfigurationList = 7C2E37B12DBBAA2D00BD6B95 /* Build configuration list for PBXProject "Bridging" */;
			developmentRegion = en;
			hasScannedForEncodings = 0;
			knownRegions = (
				en,
				Base,
			);
			mainGroup = 7C2E37AD2DBBAA2D00BD6B95;
			minimizedProjectReferenceProxies = 1;
			preferredProjectObjectVersion = 77;
			productRefGroup = 7C2E37B72DBBAA2D00BD6B95 /* Products */;
			projectDirPath = "";
			projectRoot = "";
			targets = (
				7C2E37B52DBBAA2D00BD6B95 /* Bridging */,
				7C2E37CB2DBBAA2F00BD6B95 /* BridgingTests */,
				7C2E37D52DBBAA2F00BD6B95 /* BridgingUITests */,
			);
		};
/* End PBXProject section */

/* Begin PBXResourcesBuildPhase section */
		7C2E37B42DBBAA2D00BD6B95 /* Resources */ = {
			isa = PBXResourcesBuildPhase;
			buildActionMask = 2147483647;
			files = (
			);
			runOnlyForDeploymentPostprocessing = 0;
		};
		7C2E37CA2DBBAA2F00BD6B95 /* Resources */ = {
			isa = PBXResourcesBuildPhase;
			buildActionMask = 2147483647;
			files = (
			);
			runOnlyForDeploymentPostprocessing = 0;
		};
		7C2E37D42DBBAA2F00BD6B95 /* Resources */ = {
			isa = PBXResourcesBuildPhase;
			buildActionMask = 2147483647;
			files = (
			);
			runOnlyForDeploymentPostprocessing = 0;
		};
/* End PBXResourcesBuildPhase section */

/* Begin PBXSourcesBuildPhase section */
		7C2E37B22DBBAA2D00BD6B95 /* Sources */ = {
			isa = PBXSourcesBuildPhase;
			buildActionMask = 2147483647;
			files = (
			);
			runOnlyForDeploymentPostprocessing = 0;
		};
		7C2E37C82DBBAA2F00BD6B95 /* Sources */ = {
			isa = PBXSourcesBuildPhase;
			buildActionMask = 2147483647;
			files = (
			);
			runOnlyForDeploymentPostprocessing = 0;
		};
		7C2E37D22DBBAA2F00BD6B95 /* Sources */ = {
			isa = PBXSourcesBuildPhase;
			buildActionMask = 2147483647;
			files = (
			);
			runOnlyForDeploymentPostprocessing = 0;
		};
/* End PBXSourcesBuildPhase section */

/* Begin PBXTargetDependency section */
		7C2E37CE2DBBAA2F00BD6B95 /* PBXTargetDependency */ = {
			isa = PBXTargetDependency;
			target = 7C2E37B52DBBAA2D00BD6B95 /* Bridging */;
			targetProxy = 7C2E37CD2DBBAA2F00BD6B95 /* PBXContainerItemProxy */;
		};
		7C2E37D82DBBAA2F00BD6B95 /* PBXTargetDependency */ = {
			isa = PBXTargetDependency;
			target = 7C2E37B52DBBAA2D00BD6B95 /* Bridging */;
			targetProxy = 7C2E37D72DBBAA2F00BD6B95 /* PBXContainerItemProxy */;
		};
/* End PBXTargetDependency section */

/* Begin XCBuildConfiguration section */
		7C2E37E02DBBAA2F00BD6B95 /* Debug */ = {
			isa = XCBuildConfiguration;
			buildSettings = {
				ASSETCATALOG_COMPILER_APPICON_NAME = AppIcon;
				ASSETCATALOG_COMPILER_GLOBAL_ACCENT_COLOR_NAME = AccentColor;
				CODE_SIGN_STYLE = Automatic;
				CURRENT_PROJECT_VERSION = 1;
				DEVELOPMENT_TEAM = D49753ZB3N;
				GENERATE_INFOPLIST_FILE = YES;
				INFOPLIST_FILE = Bridging/Info.plist;
				INFOPLIST_KEY_UIApplicationSupportsIndirectInputEvents = YES;
				INFOPLIST_KEY_UILaunchStoryboardName = LaunchScreen;
				INFOPLIST_KEY_UIMainStoryboardFile = Main;
				INFOPLIST_KEY_UISupportedInterfaceOrientations_iPad = "UIInterfaceOrientationPortrait UIInterfaceOrientationPortraitUpsideDown UIInterfaceOrientationLandscapeLeft UIInterfaceOrientationLandscapeRight";
				INFOPLIST_KEY_UISupportedInterfaceOrientations_iPhone = "UIInterfaceOrientationPortrait UIInterfaceOrientationLandscapeLeft UIInterfaceOrientationLandscapeRight";
				LD_RUNPATH_SEARCH_PATHS = (
					"$(inherited)",
					"@executable_path/Frameworks",
				);
				MARKETING_VERSION = 1.0;
				PRODUCT_BUNDLE_IDENTIFIER = com.Wook.Bridging;
				PRODUCT_NAME = "$(TARGET_NAME)";
				SWIFT_EMIT_LOC_STRINGS = YES;
				SWIFT_VERSION = 5.0;
				TARGETED_DEVICE_FAMILY = "1,2";
			};
			name = Debug;
		};
		7C2E37E12DBBAA2F00BD6B95 /* Release */ = {
			isa = XCBuildConfiguration;
			buildSettings = {
				ASSETCATALOG_COMPILER_APPICON_NAME = AppIcon;
				ASSETCATALOG_COMPILER_GLOBAL_ACCENT_COLOR_NAME = AccentColor;
				CODE_SIGN_STYLE = Automatic;
				CURRENT_PROJECT_VERSION = 1;
				DEVELOPMENT_TEAM = D49753ZB3N;
				GENERATE_INFOPLIST_FILE = YES;
				INFOPLIST_FILE = Bridging/Info.plist;
				INFOPLIST_KEY_UIApplicationSupportsIndirectInputEvents = YES;
				INFOPLIST_KEY_UILaunchStoryboardName = LaunchScreen;
				INFOPLIST_KEY_UIMainStoryboardFile = Main;
				INFOPLIST_KEY_UISupportedInterfaceOrientations_iPad = "UIInterfaceOrientationPortrait UIInterfaceOrientationPortraitUpsideDown UIInterfaceOrientationLandscapeLeft UIInterfaceOrientationLandscapeRight";
				INFOPLIST_KEY_UISupportedInterfaceOrientations_iPhone = "UIInterfaceOrientationPortrait UIInterfaceOrientationLandscapeLeft UIInterfaceOrientationLandscapeRight";
				LD_RUNPATH_SEARCH_PATHS = (
					"$(inherited)",
					"@executable_path/Frameworks",
				);
				MARKETING_VERSION = 1.0;
				PRODUCT_BUNDLE_IDENTIFIER = com.Wook.Bridging;
				PRODUCT_NAME = "$(TARGET_NAME)";
				SWIFT_EMIT_LOC_STRINGS = YES;
				SWIFT_VERSION = 5.0;
				TARGETED_DEVICE_FAMILY = "1,2";
			};
			name = Release;
		};
		7C2E37E22DBBAA2F00BD6B95 /* Debug */ = {
			isa = XCBuildConfiguration;
			buildSettings = {
				ALWAYS_SEARCH_USER_PATHS = NO;
				ASSETCATALOG_COMPILER_GENERATE_SWIFT_ASSET_SYMBOL_EXTENSIONS = YES;
				CLANG_ANALYZER_NONNULL = YES;
				CLANG_ANALYZER_NUMBER_OBJECT_CONVERSION = YES_AGGRESSIVE;
				CLANG_CXX_LANGUAGE_STANDARD = "gnu++20";
				CLANG_ENABLE_MODULES = YES;
				CLANG_ENABLE_OBJC_ARC = YES;
				CLANG_ENABLE_OBJC_WEAK = YES;
				CLANG_WARN_BLOCK_CAPTURE_AUTORELEASING = YES;
				CLANG_WARN_BOOL_CONVERSION = YES;
				CLANG_WARN_COMMA = YES;
				CLANG_WARN_CONSTANT_CONVERSION = YES;
				CLANG_WARN_DEPRECATED_OBJC_IMPLEMENTATIONS = YES;
				CLANG_WARN_DIRECT_OBJC_ISA_USAGE = YES_ERROR;
				CLANG_WARN_DOCUMENTATION_COMMENTS = YES;
				CLANG_WARN_EMPTY_BODY = YES;
				CLANG_WARN_ENUM_CONVERSION = YES;
				CLANG_WARN_INFINITE_RECURSION = YES;
				CLANG_WARN_INT_CONVERSION = YES;
				CLANG_WARN_NON_LITERAL_NULL_CONVERSION = YES;
				CLANG_WARN_OBJC_IMPLICIT_RETAIN_SELF = YES;
				CLANG_WARN_OBJC_LITERAL_CONVERSION = YES;
				CLANG_WARN_OBJC_ROOT_CLASS = YES_ERROR;
				CLANG_WARN_QUOTED_INCLUDE_IN_FRAMEWORK_HEADER = YES;
				CLANG_WARN_RANGE_LOOP_ANALYSIS = YES;
				CLANG_WARN_STRICT_PROTOTYPES = YES;
				CLANG_WARN_SUSPICIOUS_MOVE = YES;
				CLANG_WARN_UNGUARDED_AVAILABILITY = YES_AGGRESSIVE;
				CLANG_WARN_UNREACHABLE_CODE = YES;
				CLANG_WARN__DUPLICATE_METHOD_MATCH = YES;
				COPY_PHASE_STRIP = NO;
				DEBUG_INFORMATION_FORMAT = dwarf;
				DEVELOPMENT_TEAM = D49753ZB3N;
				ENABLE_STRICT_OBJC_MSGSEND = YES;
				ENABLE_TESTABILITY = YES;
				ENABLE_USER_SCRIPT_SANDBOXING = YES;
				GCC_C_LANGUAGE_STANDARD = gnu17;
				GCC_DYNAMIC_NO_PIC = NO;
				GCC_NO_COMMON_BLOCKS = YES;
				GCC_OPTIMIZATION_LEVEL = 0;
				GCC_PREPROCESSOR_DEFINITIONS = (
					"DEBUG=1",
					"$(inherited)",
				);
				GCC_WARN_64_TO_32_BIT_CONVERSION = YES;
				GCC_WARN_ABOUT_RETURN_TYPE = YES_ERROR;
				GCC_WARN_UNDECLARED_SELECTOR = YES;
				GCC_WARN_UNINITIALIZED_AUTOS = YES_AGGRESSIVE;
				GCC_WARN_UNUSED_FUNCTION = YES;
				GCC_WARN_UNUSED_VARIABLE = YES;
				IPHONEOS_DEPLOYMENT_TARGET = 18.4;
				LOCALIZATION_PREFERS_STRING_CATALOGS = YES;
				MTL_ENABLE_DEBUG_INFO = INCLUDE_SOURCE;
				MTL_FAST_MATH = YES;
				ONLY_ACTIVE_ARCH = YES;
				SDKROOT = iphoneos;
				SWIFT_ACTIVE_COMPILATION_CONDITIONS = "DEBUG $(inherited)";
				SWIFT_OPTIMIZATION_LEVEL = "-Onone";
			};
			name = Debug;
		};
		7C2E37E32DBBAA2F00BD6B95 /* Release */ = {
			isa = XCBuildConfiguration;
			buildSettings = {
				ALWAYS_SEARCH_USER_PATHS = NO;
				ASSETCATALOG_COMPILER_GENERATE_SWIFT_ASSET_SYMBOL_EXTENSIONS = YES;
				CLANG_ANALYZER_NONNULL = YES;
				CLANG_ANALYZER_NUMBER_OBJECT_CONVERSION = YES_AGGRESSIVE;
				CLANG_CXX_LANGUAGE_STANDARD = "gnu++20";
				CLANG_ENABLE_MODULES = YES;
				CLANG_ENABLE_OBJC_ARC = YES;
				CLANG_ENABLE_OBJC_WEAK = YES;
				CLANG_WARN_BLOCK_CAPTURE_AUTORELEASING = YES;
				CLANG_WARN_BOOL_CONVERSION = YES;
				CLANG_WARN_COMMA = YES;
				CLANG_WARN_CONSTANT_CONVERSION = YES;
				CLANG_WARN_DEPRECATED_OBJC_IMPLEMENTATIONS = YES;
				CLANG_WARN_DIRECT_OBJC_ISA_USAGE = YES_ERROR;
				CLANG_WARN_DOCUMENTATION_COMMENTS = YES;
				CLANG_WARN_EMPTY_BODY = YES;
				CLANG_WARN_ENUM_CONVERSION = YES;
				CLANG_WARN_INFINITE_RECURSION = YES;
				CLANG_WARN_INT_CONVERSION = YES;
				CLANG_WARN_NON_LITERAL_NULL_CONVERSION = YES;
				CLANG_WARN_OBJC_IMPLICIT_RETAIN_SELF = YES;
				CLANG_WARN_OBJC_LITERAL_CONVERSION = YES;
				CLANG_WARN_OBJC_ROOT_CLASS = YES_ERROR;
				CLANG_WARN_QUOTED_INCLUDE_IN_FRAMEWORK_HEADER = YES;
				CLANG_WARN_RANGE_LOOP_ANALYSIS = YES;
				CLANG_WARN_STRICT_PROTOTYPES = YES;
				CLANG_WARN_SUSPICIOUS_MOVE = YES;
				CLANG_WARN_UNGUARDED_AVAILABILITY = YES_AGGRESSIVE;
				CLANG_WARN_UNREACHABLE_CODE = YES;
				CLANG_WARN__DUPLICATE_METHOD_MATCH = YES;
				COPY_PHASE_STRIP = NO;
				DEBUG_INFORMATION_FORMAT = "dwarf-with-dsym";
				DEVELOPMENT_TEAM = D49753ZB3N;
				ENABLE_NS_ASSERTIONS = NO;
				ENABLE_STRICT_OBJC_MSGSEND = YES;
				ENABLE_USER_SCRIPT_SANDBOXING = YES;
				GCC_C_LANGUAGE_STANDARD = gnu17;
				GCC_NO_COMMON_BLOCKS = YES;
				GCC_WARN_64_TO_32_BIT_CONVERSION = YES;
				GCC_WARN_ABOUT_RETURN_TYPE = YES_ERROR;
				GCC_WARN_UNDECLARED_SELECTOR = YES;
				GCC_WARN_UNINITIALIZED_AUTOS = YES_AGGRESSIVE;
				GCC_WARN_UNUSED_FUNCTION = YES;
				GCC_WARN_UNUSED_VARIABLE = YES;
				IPHONEOS_DEPLOYMENT_TARGET = 18.4;
				LOCALIZATION_PREFERS_STRING_CATALOGS = YES;
				MTL_ENABLE_DEBUG_INFO = NO;
				MTL_FAST_MATH = YES;
				SDKROOT = iphoneos;
				SWIFT_COMPILATION_MODE = wholemodule;
				VALIDATE_PRODUCT = YES;
			};
			name = Release;
		};
		7C2E37E52DBBAA2F00BD6B95 /* Debug */ = {
			isa = XCBuildConfiguration;
			buildSettings = {
				BUNDLE_LOADER = "$(TEST_HOST)";
				CODE_SIGN_STYLE = Automatic;
				CURRENT_PROJECT_VERSION = 1;
				DEVELOPMENT_TEAM = D49753ZB3N;
				GENERATE_INFOPLIST_FILE = YES;
				IPHONEOS_DEPLOYMENT_TARGET = 18.4;
				MARKETING_VERSION = 1.0;
				PRODUCT_BUNDLE_IDENTIFIER = com.Wook.BridgingTests;
				PRODUCT_NAME = "$(TARGET_NAME)";
				SWIFT_EMIT_LOC_STRINGS = NO;
				SWIFT_VERSION = 5.0;
				TARGETED_DEVICE_FAMILY = "1,2";
				TEST_HOST = "$(BUILT_PRODUCTS_DIR)/Bridging.app/$(BUNDLE_EXECUTABLE_FOLDER_PATH)/Bridging";
			};
			name = Debug;
		};
		7C2E37E62DBBAA2F00BD6B95 /* Release */ = {
			isa = XCBuildConfiguration;
			buildSettings = {
				BUNDLE_LOADER = "$(TEST_HOST)";
				CODE_SIGN_STYLE = Automatic;
				CURRENT_PROJECT_VERSION = 1;
				DEVELOPMENT_TEAM = D49753ZB3N;
				GENERATE_INFOPLIST_FILE = YES;
				IPHONEOS_DEPLOYMENT_TARGET = 18.4;
				MARKETING_VERSION = 1.0;
				PRODUCT_BUNDLE_IDENTIFIER = com.Wook.BridgingTests;
				PRODUCT_NAME = "$(TARGET_NAME)";
				SWIFT_EMIT_LOC_STRINGS = NO;
				SWIFT_VERSION = 5.0;
				TARGETED_DEVICE_FAMILY = "1,2";
				TEST_HOST = "$(BUILT_PRODUCTS_DIR)/Bridging.app/$(BUNDLE_EXECUTABLE_FOLDER_PATH)/Bridging";
			};
			name = Release;
		};
		7C2E37E82DBBAA2F00BD6B95 /* Debug */ = {
			isa = XCBuildConfiguration;
			buildSettings = {
				CODE_SIGN_STYLE = Automatic;
				CURRENT_PROJECT_VERSION = 1;
				DEVELOPMENT_TEAM = D49753ZB3N;
				GENERATE_INFOPLIST_FILE = YES;
				MARKETING_VERSION = 1.0;
				PRODUCT_BUNDLE_IDENTIFIER = com.Wook.BridgingUITests;
				PRODUCT_NAME = "$(TARGET_NAME)";
				SWIFT_EMIT_LOC_STRINGS = NO;
				SWIFT_VERSION = 5.0;
				TARGETED_DEVICE_FAMILY = "1,2";
				TEST_TARGET_NAME = Bridging;
			};
			name = Debug;
		};
		7C2E37E92DBBAA2F00BD6B95 /* Release */ = {
			isa = XCBuildConfiguration;
			buildSettings = {
				CODE_SIGN_STYLE = Automatic;
				CURRENT_PROJECT_VERSION = 1;
				DEVELOPMENT_TEAM = D49753ZB3N;
				GENERATE_INFOPLIST_FILE = YES;
				MARKETING_VERSION = 1.0;
				PRODUCT_BUNDLE_IDENTIFIER = com.Wook.BridgingUITests;
				PRODUCT_NAME = "$(TARGET_NAME)";
				SWIFT_EMIT_LOC_STRINGS = NO;
				SWIFT_VERSION = 5.0;
				TARGETED_DEVICE_FAMILY = "1,2";
				TEST_TARGET_NAME = Bridging;
			};
			name = Release;
		};
/* End XCBuildConfiguration section */

/* Begin XCConfigurationList section */
		7C2E37B12DBBAA2D00BD6B95 /* Build configuration list for PBXProject "Bridging" */ = {
			isa = XCConfigurationList;
			buildConfigurations = (
				7C2E37E22DBBAA2F00BD6B95 /* Debug */,
				7C2E37E32DBBAA2F00BD6B95 /* Release */,
			);
			defaultConfigurationIsVisible = 0;
			defaultConfigurationName = Release;
		};
		7C2E37DF2DBBAA2F00BD6B95 /* Build configuration list for PBXNativeTarget "Bridging" */ = {
			isa = XCConfigurationList;
			buildConfigurations = (
				7C2E37E02DBBAA2F00BD6B95 /* Debug */,
				7C2E37E12DBBAA2F00BD6B95 /* Release */,
			);
			defaultConfigurationIsVisible = 0;
			defaultConfigurationName = Release;
		};
		7C2E37E42DBBAA2F00BD6B95 /* Build configuration list for PBXNativeTarget "BridgingTests" */ = {
			isa = XCConfigurationList;
			buildConfigurations = (
				7C2E37E52DBBAA2F00BD6B95 /* Debug */,
				7C2E37E62DBBAA2F00BD6B95 /* Release */,
			);
			defaultConfigurationIsVisible = 0;
			defaultConfigurationName = Release;
		};
		7C2E37E72DBBAA2F00BD6B95 /* Build configuration list for PBXNativeTarget "BridgingUITests" */ = {
			isa = XCConfigurationList;
			buildConfigurations = (
				7C2E37E82DBBAA2F00BD6B95 /* Debug */,
				7C2E37E92DBBAA2F00BD6B95 /* Release */,
			);
			defaultConfigurationIsVisible = 0;
			defaultConfigurationName = Release;
		};
/* End XCConfigurationList section */
	};
	rootObject = 7C2E37AE2DBBAA2D00BD6B95 /* Project object */;
}
